apiVersion: agenomic/v1alpha1
kind: Agenomic
metadata:
  name: hyperliquid-agent-demo
  revision: "2026-06-08"
  synthetic: true
locked:
  model:
    provider: anthropic
    name: claude-haiku-4-5-20251001
    temperature: 0.0
  prompts:
    system: prompts/system.md
    skills:
      - prompts/skills/check_margin.md
      - prompts/skills/recommend_disposition.md
  controls:
    behavior_contract: behavior.contract.yaml
    tool_lock: tools/mcp.lock.yaml
    memory_schema: memory/memory.schema.yaml
    policy_modules:
      - policies/perp_guardrails.rego
  replay:
    manifest: evals/replay_manifest.yaml
release_notes:
  purpose: public_example_bundle
  caveats:
    - All accounts, balances, and prices are synthetic.
    - The venue name "Hyperliquid-style" refers to a generic perp DEX shape; no real venue is implied.
    - Not investment advice.
